// !$*UTF8*$!
{
	archiveVersion = 1;
	classes = {
	};
	objectVersion = 46;
	objects = {

/* Begin PBXBuildFile section */
		302B4F0B1EDE9846002352CC /* WYFileWatch.swift in Sources */ = {isa = PBXBuildFile; fileRef = 302B4F091EDE9846002352CC /* WYFileWatch.swift */; };
		6609916F1E1CFBF9008DF493 /* GroupToolView.swift in Sources */ = {isa = PBXBuildFile; fileRef = 6609916E1E1CFBF9008DF493 /* GroupToolView.swift */; };
		662D1C1B1EB831E1008D2B4D /* HostDataManager.swift in Sources */ = {isa = PBXBuildFile; fileRef = 662D1C1A1EB831E1008D2B4D /* HostDataManager.swift */; };
		662D1C1D1EB836BB008D2B4D /* HostsFileManager.swift in Sources */ = {isa = PBXBuildFile; fileRef = 662D1C1C1EB836BB008D2B4D /* HostsFileManager.swift */; };
		66308E2C1E0D14F9000EBBF0 /* AppDelegate.swift in Sources */ = {isa = PBXBuildFile; fileRef = 66308E2B1E0D14F9000EBBF0 /* AppDelegate.swift */; };
		66308E2E1E0D14F9000EBBF0 /* ViewController.swift in Sources */ = {isa = PBXBuildFile; fileRef = 66308E2D1E0D14F9000EBBF0 /* ViewController.swift */; };
		66308E301E0D14F9000EBBF0 /* Assets.xcassets in Resources */ = {isa = PBXBuildFile; fileRef = 66308E2F1E0D14F9000EBBF0 /* Assets.xcassets */; };
		66308E3B1E0E59D4000EBBF0 /* Application.swift in Sources */ = {isa = PBXBuildFile; fileRef = 66308E3A1E0E59D4000EBBF0 /* Application.swift */; };
		6641DB001EBB7333000DA74A /* CompareWindow.swift in Sources */ = {isa = PBXBuildFile; fileRef = 6641DAFF1EBB7333000DA74A /* CompareWindow.swift */; };
		6641DB031EBB73CC000DA74A /* CompareViewController.swift in Sources */ = {isa = PBXBuildFile; fileRef = 6641DB021EBB73CC000DA74A /* CompareViewController.swift */; };
		6641DB051EC5B04F000DA74A /* WYHelp.swift in Sources */ = {isa = PBXBuildFile; fileRef = 6641DB041EC5B04F000DA74A /* WYHelp.swift */; };
		666084021EF66B30000D1B9C /* ToolMenu.swift in Sources */ = {isa = PBXBuildFile; fileRef = 666084011EF66B30000D1B9C /* ToolMenu.swift */; };
		6660841D1EF818A8000D1B9C /* AppDelegate.swift in Sources */ = {isa = PBXBuildFile; fileRef = 6660841C1EF818A8000D1B9C /* AppDelegate.swift */; };
		6660841F1EF818A8000D1B9C /* ViewController.swift in Sources */ = {isa = PBXBuildFile; fileRef = 6660841E1EF818A8000D1B9C /* ViewController.swift */; };
		666084211EF818A8000D1B9C /* Assets.xcassets in Resources */ = {isa = PBXBuildFile; fileRef = 666084201EF818A8000D1B9C /* Assets.xcassets */; };
		6660842A1EF81A3C000D1B9C /* HostsManagerHelper.app in CopyFiles */ = {isa = PBXBuildFile; fileRef = 6660841A1EF818A8000D1B9C /* HostsManagerHelper.app */; settings = {ATTRIBUTES = (RemoveHeadersOnCopy, ); }; };
		6660842D1EF82244000D1B9C /* Application.swift in Sources */ = {isa = PBXBuildFile; fileRef = 6660842C1EF82244000D1B9C /* Application.swift */; };
		666084301EF826E4000D1B9C /* ServiceManagement.framework in Frameworks */ = {isa = PBXBuildFile; fileRef = 6660842E1EF826C4000D1B9C /* ServiceManagement.framework */; };
		6661588C1EF3D348007D650B /* WYVerticalCenterTextField.swift in Sources */ = {isa = PBXBuildFile; fileRef = 6661588B1EF3D348007D650B /* WYVerticalCenterTextField.swift */; };
		666158A11EF90373007D650B /* PopoverViewController.swift in Sources */ = {isa = PBXBuildFile; fileRef = 666158A01EF90373007D650B /* PopoverViewController.swift */; };
		666158A61EFBA974007D650B /* NSTouchBarItemIdentifier+Helper.swift in Sources */ = {isa = PBXBuildFile; fileRef = 666158A51EFBA974007D650B /* NSTouchBarItemIdentifier+Helper.swift */; };
		666158A81EFBAC96007D650B /* NSTouchBarCustomizationIdentifier+Helper.swift in Sources */ = {isa = PBXBuildFile; fileRef = 666158A71EFBAC96007D650B /* NSTouchBarCustomizationIdentifier+Helper.swift */; };
		666435811E13DD3D00047EBD /* Host.swift in Sources */ = {isa = PBXBuildFile; fileRef = 666435801E13DD3D00047EBD /* Host.swift */; };
		666435831E13E45800047EBD /* Group.swift in Sources */ = {isa = PBXBuildFile; fileRef = 666435821E13E45800047EBD /* Group.swift */; };
		666435871E14B9F000047EBD /* WYScrollView.swift in Sources */ = {isa = PBXBuildFile; fileRef = 666435861E14B9F000047EBD /* WYScrollView.swift */; };
		666435891E14D3D100047EBD /* HostScrollView.swift in Sources */ = {isa = PBXBuildFile; fileRef = 666435881E14D3D100047EBD /* HostScrollView.swift */; };
		66818C5E1EB9828B00248ABF /* PreferenceManager.swift in Sources */ = {isa = PBXBuildFile; fileRef = 66818C5D1EB9828B00248ABF /* PreferenceManager.swift */; };
		669720B71E1F9B0E0093DDEF /* WYView.swift in Sources */ = {isa = PBXBuildFile; fileRef = 669720B61E1F9B0E0093DDEF /* WYView.swift */; };
		66A72B601EEE964B00D4C3A7 /* NSTextView+Helper.swift in Sources */ = {isa = PBXBuildFile; fileRef = 66A72B5D1EEE964B00D4C3A7 /* NSTextView+Helper.swift */; };
		66A72B611EEE964B00D4C3A7 /* TextVerticalRulerView.swift in Sources */ = {isa = PBXBuildFile; fileRef = 66A72B5E1EEE964B00D4C3A7 /* TextVerticalRulerView.swift */; };
		66A72B621EEE964B00D4C3A7 /* WYTypesetter.swift in Sources */ = {isa = PBXBuildFile; fileRef = 66A72B5F1EEE964B00D4C3A7 /* WYTypesetter.swift */; };
		66A72B641EEE967500D4C3A7 /* GroupEditView.swift in Sources */ = {isa = PBXBuildFile; fileRef = 66A72B631EEE967500D4C3A7 /* GroupEditView.swift */; };
		66B2F8EC1E209E9F001FB418 /* CALayer+Helper.swift in Sources */ = {isa = PBXBuildFile; fileRef = 66B2F8EB1E209E9F001FB418 /* CALayer+Helper.swift */; };
		66C383321E11071800824982 /* StatusMenu.swift in Sources */ = {isa = PBXBuildFile; fileRef = 66C383311E11071800824982 /* StatusMenu.swift */; };
		66C383341E11282400824982 /* EditorViewController.swift in Sources */ = {isa = PBXBuildFile; fileRef = 66C383331E11282400824982 /* EditorViewController.swift */; };
		66C3834F1E1250D900824982 /* SettingWindow.swift in Sources */ = {isa = PBXBuildFile; fileRef = 66C3834E1E1250D900824982 /* SettingWindow.swift */; };
		66C383561E12980A00824982 /* CoreText.framework in Frameworks */ = {isa = PBXBuildFile; fileRef = 66C383551E12980A00824982 /* CoreText.framework */; };
		66C383581E12DDF000824982 /* Constants.swift in Sources */ = {isa = PBXBuildFile; fileRef = 66C383571E12DDF000824982 /* Constants.swift */; };
		66C3835D1E138B0200824982 /* SourceViewController.swift in Sources */ = {isa = PBXBuildFile; fileRef = 66C3835C1E138B0200824982 /* SourceViewController.swift */; };
		66C3835F1E138B8D00824982 /* SettingViewController.swift in Sources */ = {isa = PBXBuildFile; fileRef = 66C3835E1E138B8D00824982 /* SettingViewController.swift */; };
		66D6A8441E67111600C055D4 /* NSObject+Helper.swift in Sources */ = {isa = PBXBuildFile; fileRef = 66D6A8431E67111600C055D4 /* NSObject+Helper.swift */; };
		66F00B741EEA8DC4002B9F28 /* ACLHelp.swift in Sources */ = {isa = PBXBuildFile; fileRef = 66F00B731EEA8DC4002B9F28 /* ACLHelp.swift */; };
		66F00B761EEA8E92002B9F28 /* FilePermissions.swift in Sources */ = {isa = PBXBuildFile; fileRef = 66F00B751EEA8E92002B9F28 /* FilePermissions.swift */; };
		993CF837A4E8F6AD11CC295C /* Pods_HostsManager.framework in Frameworks */ = {isa = PBXBuildFile; fileRef = C50B083621E7C5CDBAA5A741 /* Pods_HostsManager.framework */; };
/* End PBXBuildFile section */

/* Begin PBXCopyFilesBuildPhase section */
		666084291EF819EC000D1B9C /* CopyFiles */ = {
			isa = PBXCopyFilesBuildPhase;
			buildActionMask = 2147483647;
			dstPath = Contents/Library/LoginItems;
			dstSubfolderSpec = 1;
			files = (
				6660842A1EF81A3C000D1B9C /* HostsManagerHelper.app in CopyFiles */,
			);
			runOnlyForDeploymentPostprocessing = 0;
		};
/* End PBXCopyFilesBuildPhase section */

/* Begin PBXFileReference section */
		302B4F091EDE9846002352CC /* WYFileWatch.swift */ = {isa = PBXFileReference; fileEncoding = 4; lastKnownFileType = sourcecode.swift; path = WYFileWatch.swift; sourceTree = "<group>"; };
		660991651E1B4978008DF493 /* CoreData.framework */ = {isa = PBXFileReference; lastKnownFileType = wrapper.framework; name = CoreData.framework; path = System/Library/Frameworks/CoreData.framework; sourceTree = SDKROOT; };
		6609916E1E1CFBF9008DF493 /* GroupToolView.swift */ = {isa = PBXFileReference; fileEncoding = 4; lastKnownFileType = sourcecode.swift; path = GroupToolView.swift; sourceTree = "<group>"; };
		6613CCB21ED82EC0007507A2 /* HostsManager.entitlements */ = {isa = PBXFileReference; lastKnownFileType = text.plist.entitlements; path = HostsManager.entitlements; sourceTree = "<group>"; };
		662D1C1A1EB831E1008D2B4D /* HostDataManager.swift */ = {isa = PBXFileReference; fileEncoding = 4; lastKnownFileType = sourcecode.swift; path = HostDataManager.swift; sourceTree = "<group>"; };
		662D1C1C1EB836BB008D2B4D /* HostsFileManager.swift */ = {isa = PBXFileReference; fileEncoding = 4; lastKnownFileType = sourcecode.swift; path = HostsFileManager.swift; sourceTree = "<group>"; };
		662D1C1E1EB8537E008D2B4D /* HostsManager-Bridging-Header.h */ = {isa = PBXFileReference; lastKnownFileType = sourcecode.c.h; path = "HostsManager-Bridging-Header.h"; sourceTree = "<group>"; };
		66308E281E0D14F9000EBBF0 /* HostsManager.app */ = {isa = PBXFileReference; explicitFileType = wrapper.application; includeInIndex = 0; path = HostsManager.app; sourceTree = BUILT_PRODUCTS_DIR; };
		66308E2B1E0D14F9000EBBF0 /* AppDelegate.swift */ = {isa = PBXFileReference; lastKnownFileType = sourcecode.swift; path = AppDelegate.swift; sourceTree = "<group>"; };
		66308E2D1E0D14F9000EBBF0 /* ViewController.swift */ = {isa = PBXFileReference; lastKnownFileType = sourcecode.swift; path = ViewController.swift; sourceTree = "<group>"; };
		66308E2F1E0D14F9000EBBF0 /* Assets.xcassets */ = {isa = PBXFileReference; lastKnownFileType = folder.assetcatalog; path = Assets.xcassets; sourceTree = "<group>"; };
		66308E341E0D14F9000EBBF0 /* Info.plist */ = {isa = PBXFileReference; lastKnownFileType = text.plist.xml; path = Info.plist; sourceTree = "<group>"; };
		66308E3A1E0E59D4000EBBF0 /* Application.swift */ = {isa = PBXFileReference; fileEncoding = 4; lastKnownFileType = sourcecode.swift; path = Application.swift; sourceTree = "<group>"; };
		6641DAFF1EBB7333000DA74A /* CompareWindow.swift */ = {isa = PBXFileReference; fileEncoding = 4; lastKnownFileType = sourcecode.swift; path = CompareWindow.swift; sourceTree = "<group>"; };
		6641DB021EBB73CC000DA74A /* CompareViewController.swift */ = {isa = PBXFileReference; fileEncoding = 4; lastKnownFileType = sourcecode.swift; path = CompareViewController.swift; sourceTree = "<group>"; };
		6641DB041EC5B04F000DA74A /* WYHelp.swift */ = {isa = PBXFileReference; fileEncoding = 4; lastKnownFileType = sourcecode.swift; path = WYHelp.swift; sourceTree = "<group>"; };
		6654654C1EB0A5E5007D8B89 /* WYKit.framework */ = {isa = PBXFileReference; lastKnownFileType = wrapper.framework; name = WYKit.framework; path = "../../../Library/Developer/Xcode/DerivedData/HostsManager-eqwlfwjfkqllmlbenogohwkyoipy/Build/Products/Debug/WYKit/WYKit.framework"; sourceTree = "<group>"; };
		666084011EF66B30000D1B9C /* ToolMenu.swift */ = {isa = PBXFileReference; fileEncoding = 4; lastKnownFileType = sourcecode.swift; path = ToolMenu.swift; sourceTree = "<group>"; };
		6660841A1EF818A8000D1B9C /* HostsManagerHelper.app */ = {isa = PBXFileReference; explicitFileType = wrapper.application; includeInIndex = 0; path = HostsManagerHelper.app; sourceTree = BUILT_PRODUCTS_DIR; };
		6660841C1EF818A8000D1B9C /* AppDelegate.swift */ = {isa = PBXFileReference; lastKnownFileType = sourcecode.swift; path = AppDelegate.swift; sourceTree = "<group>"; };
		6660841E1EF818A8000D1B9C /* ViewController.swift */ = {isa = PBXFileReference; lastKnownFileType = sourcecode.swift; path = ViewController.swift; sourceTree = "<group>"; };
		666084201EF818A8000D1B9C /* Assets.xcassets */ = {isa = PBXFileReference; lastKnownFileType = folder.assetcatalog; path = Assets.xcassets; sourceTree = "<group>"; };
		666084251EF818A8000D1B9C /* Info.plist */ = {isa = PBXFileReference; lastKnownFileType = text.plist.xml; path = Info.plist; sourceTree = "<group>"; };
		6660842B1EF81A9B000D1B9C /* HostsManagerHelper.entitlements */ = {isa = PBXFileReference; lastKnownFileType = text.plist.entitlements; path = HostsManagerHelper.entitlements; sourceTree = "<group>"; };
		6660842C1EF82244000D1B9C /* Application.swift */ = {isa = PBXFileReference; fileEncoding = 4; lastKnownFileType = sourcecode.swift; path = Application.swift; sourceTree = "<group>"; };
		6660842E1EF826C4000D1B9C /* ServiceManagement.framework */ = {isa = PBXFileReference; lastKnownFileType = wrapper.framework; name = ServiceManagement.framework; path = System/Library/Frameworks/ServiceManagement.framework; sourceTree = SDKROOT; };
		6661588B1EF3D348007D650B /* WYVerticalCenterTextField.swift */ = {isa = PBXFileReference; fileEncoding = 4; lastKnownFileType = sourcecode.swift; path = WYVerticalCenterTextField.swift; sourceTree = "<group>"; };
		666158A01EF90373007D650B /* PopoverViewController.swift */ = {isa = PBXFileReference; fileEncoding = 4; lastKnownFileType = sourcecode.swift; path = PopoverViewController.swift; sourceTree = "<group>"; };
		666158A51EFBA974007D650B /* NSTouchBarItemIdentifier+Helper.swift */ = {isa = PBXFileReference; fileEncoding = 4; lastKnownFileType = sourcecode.swift; path = "NSTouchBarItemIdentifier+Helper.swift"; sourceTree = "<group>"; };
		666158A71EFBAC96007D650B /* NSTouchBarCustomizationIdentifier+Helper.swift */ = {isa = PBXFileReference; fileEncoding = 4; lastKnownFileType = sourcecode.swift; path = "NSTouchBarCustomizationIdentifier+Helper.swift"; sourceTree = "<group>"; };
		666435801E13DD3D00047EBD /* Host.swift */ = {isa = PBXFileReference; fileEncoding = 4; lastKnownFileType = sourcecode.swift; path = Host.swift; sourceTree = "<group>"; };
		666435821E13E45800047EBD /* Group.swift */ = {isa = PBXFileReference; fileEncoding = 4; lastKnownFileType = sourcecode.swift; path = Group.swift; sourceTree = "<group>"; };
		666435861E14B9F000047EBD /* WYScrollView.swift */ = {isa = PBXFileReference; fileEncoding = 4; lastKnownFileType = sourcecode.swift; path = WYScrollView.swift; sourceTree = "<group>"; };
		666435881E14D3D100047EBD /* HostScrollView.swift */ = {isa = PBXFileReference; fileEncoding = 4; lastKnownFileType = sourcecode.swift; path = HostScrollView.swift; sourceTree = "<group>"; };
		66818C5D1EB9828B00248ABF /* PreferenceManager.swift */ = {isa = PBXFileReference; fileEncoding = 4; lastKnownFileType = sourcecode.swift; path = PreferenceManager.swift; sourceTree = "<group>"; };
		669720B61E1F9B0E0093DDEF /* WYView.swift */ = {isa = PBXFileReference; fileEncoding = 4; lastKnownFileType = sourcecode.swift; path = WYView.swift; sourceTree = "<group>"; };
		66A72B5D1EEE964B00D4C3A7 /* NSTextView+Helper.swift */ = {isa = PBXFileReference; fileEncoding = 4; lastKnownFileType = sourcecode.swift; path = "NSTextView+Helper.swift"; sourceTree = "<group>"; };
		66A72B5E1EEE964B00D4C3A7 /* TextVerticalRulerView.swift */ = {isa = PBXFileReference; fileEncoding = 4; lastKnownFileType = sourcecode.swift; path = TextVerticalRulerView.swift; sourceTree = "<group>"; };
		66A72B5F1EEE964B00D4C3A7 /* WYTypesetter.swift */ = {isa = PBXFileReference; fileEncoding = 4; lastKnownFileType = sourcecode.swift; path = WYTypesetter.swift; sourceTree = "<group>"; };
		66A72B631EEE967500D4C3A7 /* GroupEditView.swift */ = {isa = PBXFileReference; fileEncoding = 4; lastKnownFileType = sourcecode.swift; path = GroupEditView.swift; sourceTree = "<group>"; };
		66B2F8EB1E209E9F001FB418 /* CALayer+Helper.swift */ = {isa = PBXFileReference; fileEncoding = 4; lastKnownFileType = sourcecode.swift; path = "CALayer+Helper.swift"; sourceTree = "<group>"; };
		66C383311E11071800824982 /* StatusMenu.swift */ = {isa = PBXFileReference; fileEncoding = 4; lastKnownFileType = sourcecode.swift; path = StatusMenu.swift; sourceTree = "<group>"; };
		66C383331E11282400824982 /* EditorViewController.swift */ = {isa = PBXFileReference; fileEncoding = 4; lastKnownFileType = sourcecode.swift; path = EditorViewController.swift; sourceTree = "<group>"; };
		66C3834E1E1250D900824982 /* SettingWindow.swift */ = {isa = PBXFileReference; fileEncoding = 4; lastKnownFileType = sourcecode.swift; path = SettingWindow.swift; sourceTree = "<group>"; };
		66C383551E12980A00824982 /* CoreText.framework */ = {isa = PBXFileReference; lastKnownFileType = wrapper.framework; name = CoreText.framework; path = System/Library/Frameworks/CoreText.framework; sourceTree = SDKROOT; };
		66C383571E12DDF000824982 /* Constants.swift */ = {isa = PBXFileReference; fileEncoding = 4; lastKnownFileType = sourcecode.swift; path = Constants.swift; sourceTree = "<group>"; };
		66C3835C1E138B0200824982 /* SourceViewController.swift */ = {isa = PBXFileReference; fileEncoding = 4; lastKnownFileType = sourcecode.swift; path = SourceViewController.swift; sourceTree = "<group>"; };
		66C3835E1E138B8D00824982 /* SettingViewController.swift */ = {isa = PBXFileReference; fileEncoding = 4; lastKnownFileType = sourcecode.swift; path = SettingViewController.swift; sourceTree = "<group>"; };
		66D6A8431E67111600C055D4 /* NSObject+Helper.swift */ = {isa = PBXFileReference; fileEncoding = 4; lastKnownFileType = sourcecode.swift; path = "NSObject+Helper.swift"; sourceTree = "<group>"; };
		66F00B731EEA8DC4002B9F28 /* ACLHelp.swift */ = {isa = PBXFileReference; fileEncoding = 4; lastKnownFileType = sourcecode.swift; path = ACLHelp.swift; sourceTree = "<group>"; };
		66F00B751EEA8E92002B9F28 /* FilePermissions.swift */ = {isa = PBXFileReference; fileEncoding = 4; lastKnownFileType = sourcecode.swift; path = FilePermissions.swift; sourceTree = "<group>"; };
		98BEDC0F0CC65A5E7C7E8462 /* Pods-HostsManager.release.xcconfig */ = {isa = PBXFileReference; includeInIndex = 1; lastKnownFileType = text.xcconfig; name = "Pods-HostsManager.release.xcconfig"; path = "Pods/Target Support Files/Pods-HostsManager/Pods-HostsManager.release.xcconfig"; sourceTree = "<group>"; };
		C50B083621E7C5CDBAA5A741 /* Pods_HostsManager.framework */ = {isa = PBXFileReference; explicitFileType = wrapper.framework; includeInIndex = 0; path = Pods_HostsManager.framework; sourceTree = BUILT_PRODUCTS_DIR; };
		FCFB1EB601438F80C885CC7F /* Pods-HostsManager.debug.xcconfig */ = {isa = PBXFileReference; includeInIndex = 1; lastKnownFileType = text.xcconfig; name = "Pods-HostsManager.debug.xcconfig"; path = "Pods/Target Support Files/Pods-HostsManager/Pods-HostsManager.debug.xcconfig"; sourceTree = "<group>"; };
/* End PBXFileReference section */

/* Begin PBXFrameworksBuildPhase section */
		66308E251E0D14F9000EBBF0 /* Frameworks */ = {
			isa = PBXFrameworksBuildPhase;
			buildActionMask = 2147483647;
			files = (
				666084301EF826E4000D1B9C /* ServiceManagement.framework in Frameworks */,
				66C383561E12980A00824982 /* CoreText.framework in Frameworks */,
				993CF837A4E8F6AD11CC295C /* Pods_HostsManager.framework in Frameworks */,
			);
			runOnlyForDeploymentPostprocessing = 0;
		};
		666084171EF818A8000D1B9C /* Frameworks */ = {
			isa = PBXFrameworksBuildPhase;
			buildActionMask = 2147483647;
			files = (
			);
			runOnlyForDeploymentPostprocessing = 0;
		};
/* End PBXFrameworksBuildPhase section */

/* Begin PBXGroup section */
		66308E1F1E0D14F9000EBBF0 = {
			isa = PBXGroup;
			children = (
				66308E2A1E0D14F9000EBBF0 /* HostsManager */,
				6660841B1EF818A8000D1B9C /* HostsManagerHelper */,
				66308E291E0D14F9000EBBF0 /* Products */,
				66C383541E12980A00824982 /* Frameworks */,
				B48E8CD069E5841DDA479E19 /* Pods */,
			);
			sourceTree = "<group>";
		};
		66308E291E0D14F9000EBBF0 /* Products */ = {
			isa = PBXGroup;
			children = (
				66308E281E0D14F9000EBBF0 /* HostsManager.app */,
				6660841A1EF818A8000D1B9C /* HostsManagerHelper.app */,
			);
			name = Products;
			sourceTree = "<group>";
		};
		66308E2A1E0D14F9000EBBF0 /* HostsManager */ = {
			isa = PBXGroup;
			children = (
				6613CCB21ED82EC0007507A2 /* HostsManager.entitlements */,
				662D1C1E1EB8537E008D2B4D /* HostsManager-Bridging-Header.h */,
				66308E341E0D14F9000EBBF0 /* Info.plist */,
				66F00B731EEA8DC4002B9F28 /* ACLHelp.swift */,
				66308E2B1E0D14F9000EBBF0 /* AppDelegate.swift */,
				66308E3A1E0E59D4000EBBF0 /* Application.swift */,
				66C383571E12DDF000824982 /* Constants.swift */,
				66F00B751EEA8E92002B9F28 /* FilePermissions.swift */,
				66C383311E11071800824982 /* StatusMenu.swift */,
				66A72B5E1EEE964B00D4C3A7 /* TextVerticalRulerView.swift */,
				302B4F091EDE9846002352CC /* WYFileWatch.swift */,
				6641DB041EC5B04F000DA74A /* WYHelp.swift */,
				66A72B5F1EEE964B00D4C3A7 /* WYTypesetter.swift */,
				66308E2F1E0D14F9000EBBF0 /* Assets.xcassets */,
				6664357F1E13DD2300047EBD /* Data */,
				666158A41EFBA93D007D650B /* Extension */,
				66C3832E1E10F3EE00824982 /* Resource */,
				66B2F8EA1E209415001FB418 /* View */,
				66B2F8E91E209402001FB418 /* ViewController */,
				6641DB011EBB733A000DA74A /* window */,
			);
			path = HostsManager;
			sourceTree = "<group>";
		};
		6641DB011EBB733A000DA74A /* window */ = {
			isa = PBXGroup;
			children = (
				6641DAFF1EBB7333000DA74A /* CompareWindow.swift */,
				66C3834E1E1250D900824982 /* SettingWindow.swift */,
			);
			name = window;
			sourceTree = "<group>";
		};
		6660841B1EF818A8000D1B9C /* HostsManagerHelper */ = {
			isa = PBXGroup;
			children = (
				6660842B1EF81A9B000D1B9C /* HostsManagerHelper.entitlements */,
				666084251EF818A8000D1B9C /* Info.plist */,
				6660841C1EF818A8000D1B9C /* AppDelegate.swift */,
				6660842C1EF82244000D1B9C /* Application.swift */,
				6660841E1EF818A8000D1B9C /* ViewController.swift */,
				666084201EF818A8000D1B9C /* Assets.xcassets */,
			);
			path = HostsManagerHelper;
			sourceTree = "<group>";
		};
		666158A41EFBA93D007D650B /* Extension */ = {
			isa = PBXGroup;
			children = (
				66B2F8EB1E209E9F001FB418 /* CALayer+Helper.swift */,
				66D6A8431E67111600C055D4 /* NSObject+Helper.swift */,
				66A72B5D1EEE964B00D4C3A7 /* NSTextView+Helper.swift */,
				666158A71EFBAC96007D650B /* NSTouchBarCustomizationIdentifier+Helper.swift */,
				666158A51EFBA974007D650B /* NSTouchBarItemIdentifier+Helper.swift */,
			);
			name = Extension;
			sourceTree = "<group>";
		};
		6664357F1E13DD2300047EBD /* Data */ = {
			isa = PBXGroup;
			children = (
				666435821E13E45800047EBD /* Group.swift */,
				666435801E13DD3D00047EBD /* Host.swift */,
				662D1C1A1EB831E1008D2B4D /* HostDataManager.swift */,
				662D1C1C1EB836BB008D2B4D /* HostsFileManager.swift */,
				66818C5D1EB9828B00248ABF /* PreferenceManager.swift */,
			);
			name = Data;
			sourceTree = "<group>";
		};
		66B2F8E91E209402001FB418 /* ViewController */ = {
			isa = PBXGroup;
			children = (
				6641DB021EBB73CC000DA74A /* CompareViewController.swift */,
				66C383331E11282400824982 /* EditorViewController.swift */,
				666158A01EF90373007D650B /* PopoverViewController.swift */,
				66C3835E1E138B8D00824982 /* SettingViewController.swift */,
				66C3835C1E138B0200824982 /* SourceViewController.swift */,
				66308E2D1E0D14F9000EBBF0 /* ViewController.swift */,
			);
			name = ViewController;
			sourceTree = "<group>";
		};
		66B2F8EA1E209415001FB418 /* View */ = {
			isa = PBXGroup;
			children = (
				66A72B631EEE967500D4C3A7 /* GroupEditView.swift */,
				6609916E1E1CFBF9008DF493 /* GroupToolView.swift */,
				666435881E14D3D100047EBD /* HostScrollView.swift */,
				666435861E14B9F000047EBD /* WYScrollView.swift */,
				6661588B1EF3D348007D650B /* WYVerticalCenterTextField.swift */,
				669720B61E1F9B0E0093DDEF /* WYView.swift */,
				666084011EF66B30000D1B9C /* ToolMenu.swift */,
			);
			name = View;
			sourceTree = "<group>";
		};
		66C3832E1E10F3EE00824982 /* Resource */ = {
			isa = PBXGroup;
			children = (
			);
			name = Resource;
			sourceTree = "<group>";
		};
		66C383541E12980A00824982 /* Frameworks */ = {
			isa = PBXGroup;
			children = (
				6660842E1EF826C4000D1B9C /* ServiceManagement.framework */,
				6654654C1EB0A5E5007D8B89 /* WYKit.framework */,
				660991651E1B4978008DF493 /* CoreData.framework */,
				66C383551E12980A00824982 /* CoreText.framework */,
				C50B083621E7C5CDBAA5A741 /* Pods_HostsManager.framework */,
			);
			name = Frameworks;
			sourceTree = "<group>";
		};
		B48E8CD069E5841DDA479E19 /* Pods */ = {
			isa = PBXGroup;
			children = (
				FCFB1EB601438F80C885CC7F /* Pods-HostsManager.debug.xcconfig */,
				98BEDC0F0CC65A5E7C7E8462 /* Pods-HostsManager.release.xcconfig */,
			);
			name = Pods;
			sourceTree = "<group>";
		};
/* End PBXGroup section */

/* Begin PBXNativeTarget section */
		66308E271E0D14F9000EBBF0 /* HostsManager */ = {
			isa = PBXNativeTarget;
			buildConfigurationList = 66308E371E0D14F9000EBBF0 /* Build configuration list for PBXNativeTarget "HostsManager" */;
			buildPhases = (
				B938F8FF6FE529B15DBDBAF5 /* [CP] Check Pods Manifest.lock */,
				66308E241E0D14F9000EBBF0 /* Sources */,
				66308E251E0D14F9000EBBF0 /* Frameworks */,
				66308E261E0D14F9000EBBF0 /* Resources */,
				F729C8C13114B487346E986C /* [CP] Embed Pods Frameworks */,
				C2A8CDA1D08CE1F6897C6295 /* [CP] Copy Pods Resources */,
				666084291EF819EC000D1B9C /* CopyFiles */,
			);
			buildRules = (
			);
			dependencies = (
			);
			name = HostsManager;
			productName = HostsManager;
			productReference = 66308E281E0D14F9000EBBF0 /* HostsManager.app */;
			productType = "com.apple.product-type.application";
		};
		666084191EF818A8000D1B9C /* HostsManagerHelper */ = {
			isa = PBXNativeTarget;
			buildConfigurationList = 666084261EF818A8000D1B9C /* Build configuration list for PBXNativeTarget "HostsManagerHelper" */;
			buildPhases = (
				666084161EF818A8000D1B9C /* Sources */,
				666084171EF818A8000D1B9C /* Frameworks */,
				666084181EF818A8000D1B9C /* Resources */,
			);
			buildRules = (
			);
			dependencies = (
			);
			name = HostsManagerHelper;
			productName = HostsManagerHelper;
			productReference = 6660841A1EF818A8000D1B9C /* HostsManagerHelper.app */;
			productType = "com.apple.product-type.application";
		};
/* End PBXNativeTarget section */

/* Begin PBXProject section */
		66308E201E0D14F9000EBBF0 /* Project object */ = {
			isa = PBXProject;
			attributes = {
				LastSwiftUpdateCheck = 0830;
				LastUpgradeCheck = 0830;
				ORGANIZATIONNAME = wenyou;
				TargetAttributes = {
					66308E271E0D14F9000EBBF0 = {
						CreatedOnToolsVersion = 8.2.1;
						DevelopmentTeam = CY25956VB2;
						ProvisioningStyle = Automatic;
						SystemCapabilities = {
							com.apple.Sandbox = {
								enabled = 1;
							};
						};
					};
					666084191EF818A8000D1B9C = {
						CreatedOnToolsVersion = 8.3.3;
						DevelopmentTeam = CY25956VB2;
						ProvisioningStyle = Automatic;
						SystemCapabilities = {
							com.apple.Push = {
								enabled = 0;
							};
							com.apple.Sandbox = {
								enabled = 1;
							};
						};
					};
				};
			};
			buildConfigurationList = 66308E231E0D14F9000EBBF0 /* Build configuration list for PBXProject "HostsManager" */;
			compatibilityVersion = "Xcode 3.2";
			developmentRegion = English;
			hasScannedForEncodings = 0;
			knownRegions = (
				en,
				Base,
			);
			mainGroup = 66308E1F1E0D14F9000EBBF0;
			productRefGroup = 66308E291E0D14F9000EBBF0 /* Products */;
			projectDirPath = "";
			projectRoot = "";
			targets = (
				66308E271E0D14F9000EBBF0 /* HostsManager */,
				666084191EF818A8000D1B9C /* HostsManagerHelper */,
			);
		};
/* End PBXProject section */

/* Begin PBXResourcesBuildPhase section */
		66308E261E0D14F9000EBBF0 /* Resources */ = {
			isa = PBXResourcesBuildPhase;
			buildActionMask = 2147483647;
			files = (
				66308E301E0D14F9000EBBF0 /* Assets.xcassets in Resources */,
			);
			runOnlyForDeploymentPostprocessing = 0;
		};
		666084181EF818A8000D1B9C /* Resources */ = {
			isa = PBXResourcesBuildPhase;
			buildActionMask = 2147483647;
			files = (
				666084211EF818A8000D1B9C /* Assets.xcassets in Resources */,
			);
			runOnlyForDeploymentPostprocessing = 0;
		};
/* End PBXResourcesBuildPhase section */

/* Begin PBXShellScriptBuildPhase section */
		B938F8FF6FE529B15DBDBAF5 /* [CP] Check Pods Manifest.lock */ = {
			isa = PBXShellScriptBuildPhase;
			buildActionMask = 2147483647;
			files = (
			);
			inputPaths = (
			);
			name = "[CP] Check Pods Manifest.lock";
			outputPaths = (
			);
			runOnlyForDeploymentPostprocessing = 0;
			shellPath = /bin/sh;
			shellScript = "diff \"${PODS_PODFILE_DIR_PATH}/Podfile.lock\" \"${PODS_ROOT}/Manifest.lock\" > /dev/null\nif [ $? != 0 ] ; then\n    # print error to STDERR\n    echo \"error: The sandbox is not in sync with the Podfile.lock. Run 'pod install' or update your CocoaPods installation.\" >&2\n    exit 1\nfi\n";
			showEnvVarsInLog = 0;
		};
		C2A8CDA1D08CE1F6897C6295 /* [CP] Copy Pods Resources */ = {
			isa = PBXShellScriptBuildPhase;
			buildActionMask = 2147483647;
			files = (
			);
			inputPaths = (
			);
			name = "[CP] Copy Pods Resources";
			outputPaths = (
			);
			runOnlyForDeploymentPostprocessing = 0;
			shellPath = /bin/sh;
			shellScript = "\"${SRCROOT}/Pods/Target Support Files/Pods-HostsManager/Pods-HostsManager-resources.sh\"\n";
			showEnvVarsInLog = 0;
		};
		F729C8C13114B487346E986C /* [CP] Embed Pods Frameworks */ = {
			isa = PBXShellScriptBuildPhase;
			buildActionMask = 2147483647;
			files = (
			);
			inputPaths = (
			);
			name = "[CP] Embed Pods Frameworks";
			outputPaths = (
			);
			runOnlyForDeploymentPostprocessing = 0;
			shellPath = /bin/sh;
			shellScript = "\"${SRCROOT}/Pods/Target Support Files/Pods-HostsManager/Pods-HostsManager-frameworks.sh\"\n";
			showEnvVarsInLog = 0;
		};
/* End PBXShellScriptBuildPhase section */

/* Begin PBXSourcesBuildPhase section */
		66308E241E0D14F9000EBBF0 /* Sources */ = {
			isa = PBXSourcesBuildPhase;
			buildActionMask = 2147483647;
			files = (
				66A72B641EEE967500D4C3A7 /* GroupEditView.swift in Sources */,
				6609916F1E1CFBF9008DF493 /* GroupToolView.swift in Sources */,
				66818C5E1EB9828B00248ABF /* PreferenceManager.swift in Sources */,
				662D1C1D1EB836BB008D2B4D /* HostsFileManager.swift in Sources */,
				66C3834F1E1250D900824982 /* SettingWindow.swift in Sources */,
				666158A81EFBAC96007D650B /* NSTouchBarCustomizationIdentifier+Helper.swift in Sources */,
				66C3835F1E138B8D00824982 /* SettingViewController.swift in Sources */,
				66C383321E11071800824982 /* StatusMenu.swift in Sources */,
				666158A11EF90373007D650B /* PopoverViewController.swift in Sources */,
				66D6A8441E67111600C055D4 /* NSObject+Helper.swift in Sources */,
				662D1C1B1EB831E1008D2B4D /* HostDataManager.swift in Sources */,
				6641DB051EC5B04F000DA74A /* WYHelp.swift in Sources */,
				302B4F0B1EDE9846002352CC /* WYFileWatch.swift in Sources */,
				6641DB031EBB73CC000DA74A /* CompareViewController.swift in Sources */,
				66A72B621EEE964B00D4C3A7 /* WYTypesetter.swift in Sources */,
				666435811E13DD3D00047EBD /* Host.swift in Sources */,
				66F00B741EEA8DC4002B9F28 /* ACLHelp.swift in Sources */,
				66308E3B1E0E59D4000EBBF0 /* Application.swift in Sources */,
				66A72B611EEE964B00D4C3A7 /* TextVerticalRulerView.swift in Sources */,
				66F00B761EEA8E92002B9F28 /* FilePermissions.swift in Sources */,
				666435891E14D3D100047EBD /* HostScrollView.swift in Sources */,
				666435831E13E45800047EBD /* Group.swift in Sources */,
				66B2F8EC1E209E9F001FB418 /* CALayer+Helper.swift in Sources */,
				666158A61EFBA974007D650B /* NSTouchBarItemIdentifier+Helper.swift in Sources */,
				6661588C1EF3D348007D650B /* WYVerticalCenterTextField.swift in Sources */,
				669720B71E1F9B0E0093DDEF /* WYView.swift in Sources */,
				666435871E14B9F000047EBD /* WYScrollView.swift in Sources */,
				66C3835D1E138B0200824982 /* SourceViewController.swift in Sources */,
				66308E2E1E0D14F9000EBBF0 /* ViewController.swift in Sources */,
				66A72B601EEE964B00D4C3A7 /* NSTextView+Helper.swift in Sources */,
				66C383341E11282400824982 /* EditorViewController.swift in Sources */,
				666084021EF66B30000D1B9C /* ToolMenu.swift in Sources */,
				6641DB001EBB7333000DA74A /* CompareWindow.swift in Sources */,
				66308E2C1E0D14F9000EBBF0 /* AppDelegate.swift in Sources */,
				66C383581E12DDF000824982 /* Constants.swift in Sources */,
			);
			runOnlyForDeploymentPostprocessing = 0;
		};
		666084161EF818A8000D1B9C /* Sources */ = {
			isa = PBXSourcesBuildPhase;
			buildActionMask = 2147483647;
			files = (
				6660842D1EF82244000D1B9C /* Application.swift in Sources */,
				6660841F1EF818A8000D1B9C /* ViewController.swift in Sources */,
				6660841D1EF818A8000D1B9C /* AppDelegate.swift in Sources */,
			);
			runOnlyForDeploymentPostprocessing = 0;
		};
/* End PBXSourcesBuildPhase section */

/* Begin XCBuildConfiguration section */
		66308E351E0D14F9000EBBF0 /* Debug */ = {
			isa = XCBuildConfiguration;
			buildSettings = {
				ALWAYS_SEARCH_USER_PATHS = NO;
				CLANG_ANALYZER_NONNULL = YES;
				CLANG_CXX_LANGUAGE_STANDARD = "gnu++0x";
				CLANG_CXX_LIBRARY = "libc++";
				CLANG_ENABLE_MODULES = YES;
				CLANG_ENABLE_OBJC_ARC = YES;
				CLANG_WARN_BOOL_CONVERSION = YES;
				CLANG_WARN_CONSTANT_CONVERSION = YES;
				CLANG_WARN_DIRECT_OBJC_ISA_USAGE = YES_ERROR;
				CLANG_WARN_DOCUMENTATION_COMMENTS = YES;
				CLANG_WARN_EMPTY_BODY = YES;
				CLANG_WARN_ENUM_CONVERSION = YES;
				CLANG_WARN_INFINITE_RECURSION = YES;
				CLANG_WARN_INT_CONVERSION = YES;
				CLANG_WARN_OBJC_ROOT_CLASS = YES_ERROR;
				CLANG_WARN_SUSPICIOUS_MOVE = YES;
				CLANG_WARN_UNREACHABLE_CODE = YES;
				CLANG_WARN__DUPLICATE_METHOD_MATCH = YES;
				CODE_SIGN_IDENTITY = "-";
				COPY_PHASE_STRIP = NO;
				DEBUG_INFORMATION_FORMAT = dwarf;
				ENABLE_STRICT_OBJC_MSGSEND = YES;
				ENABLE_TESTABILITY = YES;
				GCC_C_LANGUAGE_STANDARD = gnu99;
				GCC_DYNAMIC_NO_PIC = NO;
				GCC_NO_COMMON_BLOCKS = YES;
				GCC_OPTIMIZATION_LEVEL = 0;
				GCC_PREPROCESSOR_DEFINITIONS = (
					"DEBUG=1",
					"$(inherited)",
				);
				GCC_WARN_64_TO_32_BIT_CONVERSION = YES;
				GCC_WARN_ABOUT_RETURN_TYPE = YES_ERROR;
				GCC_WARN_UNDECLARED_SELECTOR = YES;
				GCC_WARN_UNINITIALIZED_AUTOS = YES_AGGRESSIVE;
				GCC_WARN_UNUSED_FUNCTION = YES;
				GCC_WARN_UNUSED_VARIABLE = YES;
				MACOSX_DEPLOYMENT_TARGET = 10.12;
				MTL_ENABLE_DEBUG_INFO = YES;
				ONLY_ACTIVE_ARCH = YES;
				SDKROOT = macosx;
				SWIFT_ACTIVE_COMPILATION_CONDITIONS = DEBUG;
				SWIFT_OPTIMIZATION_LEVEL = "-Onone";
			};
			name = Debug;
		};
		66308E361E0D14F9000EBBF0 /* Release */ = {
			isa = XCBuildConfiguration;
			buildSettings = {
				ALWAYS_SEARCH_USER_PATHS = NO;
				CLANG_ANALYZER_NONNULL = YES;
				CLANG_CXX_LANGUAGE_STANDARD = "gnu++0x";
				CLANG_CXX_LIBRARY = "libc++";
				CLANG_ENABLE_MODULES = YES;
				CLANG_ENABLE_OBJC_ARC = YES;
				CLANG_WARN_BOOL_CONVERSION = YES;
				CLANG_WARN_CONSTANT_CONVERSION = YES;
				CLANG_WARN_DIRECT_OBJC_ISA_USAGE = YES_ERROR;
				CLANG_WARN_DOCUMENTATION_COMMENTS = YES;
				CLANG_WARN_EMPTY_BODY = YES;
				CLANG_WARN_ENUM_CONVERSION = YES;
				CLANG_WARN_INFINITE_RECURSION = YES;
				CLANG_WARN_INT_CONVERSION = YES;
				CLANG_WARN_OBJC_ROOT_CLASS = YES_ERROR;
				CLANG_WARN_SUSPICIOUS_MOVE = YES;
				CLANG_WARN_UNREACHABLE_CODE = YES;
				CLANG_WARN__DUPLICATE_METHOD_MATCH = YES;
				CODE_SIGN_IDENTITY = "-";
				COPY_PHASE_STRIP = NO;
				DEBUG_INFORMATION_FORMAT = "dwarf-with-dsym";
				ENABLE_NS_ASSERTIONS = NO;
				ENABLE_STRICT_OBJC_MSGSEND = YES;
				GCC_C_LANGUAGE_STANDARD = gnu99;
				GCC_NO_COMMON_BLOCKS = YES;
				GCC_WARN_64_TO_32_BIT_CONVERSION = YES;
				GCC_WARN_ABOUT_RETURN_TYPE = YES_ERROR;
				GCC_WARN_UNDECLARED_SELECTOR = YES;
				GCC_WARN_UNINITIALIZED_AUTOS = YES_AGGRESSIVE;
				GCC_WARN_UNUSED_FUNCTION = YES;
				GCC_WARN_UNUSED_VARIABLE = YES;
				MACOSX_DEPLOYMENT_TARGET = 10.12;
				MTL_ENABLE_DEBUG_INFO = NO;
				SDKROOT = macosx;
				SWIFT_OPTIMIZATION_LEVEL = "-Owholemodule";
			};
			name = Release;
		};
		66308E381E0D14F9000EBBF0 /* Debug */ = {
			isa = XCBuildConfiguration;
			baseConfigurationReference = FCFB1EB601438F80C885CC7F /* Pods-HostsManager.debug.xcconfig */;
			buildSettings = {
				ALWAYS_EMBED_SWIFT_STANDARD_LIBRARIES = "$(inherited)";
				ASSETCATALOG_COMPILER_APPICON_NAME = AppIcon;
				CODE_SIGN_ENTITLEMENTS = HostsManager/HostsManager.entitlements;
				CODE_SIGN_IDENTITY = "Mac Developer";
				COMBINE_HIDPI_IMAGES = YES;
				DEVELOPMENT_TEAM = CY25956VB2;
				INFOPLIST_FILE = HostsManager/Info.plist;
				LD_RUNPATH_SEARCH_PATHS = "$(inherited) @executable_path/../Frameworks";
				PRODUCT_BUNDLE_IDENTIFIER = win.sourcecode.HostsManager;
				PRODUCT_NAME = "$(TARGET_NAME)";
				SKIP_INSTALL = YES;
				SWIFT_OBJC_BRIDGING_HEADER = "HostsManager/HostsManager-Bridging-Header.h";
				SWIFT_VERSION = 3.0;
			};
			name = Debug;
		};
		66308E391E0D14F9000EBBF0 /* Release */ = {
			isa = XCBuildConfiguration;
			baseConfigurationReference = 98BEDC0F0CC65A5E7C7E8462 /* Pods-HostsManager.release.xcconfig */;
			buildSettings = {
				ALWAYS_EMBED_SWIFT_STANDARD_LIBRARIES = "$(inherited)";
				ASSETCATALOG_COMPILER_APPICON_NAME = AppIcon;
				CODE_SIGN_ENTITLEMENTS = HostsManager/HostsManager.entitlements;
				CODE_SIGN_IDENTITY = "Mac Developer";
				COMBINE_HIDPI_IMAGES = YES;
				DEVELOPMENT_TEAM = CY25956VB2;
				INFOPLIST_FILE = HostsManager/Info.plist;
				LD_RUNPATH_SEARCH_PATHS = "$(inherited) @executable_path/../Frameworks";
				PRODUCT_BUNDLE_IDENTIFIER = win.sourcecode.HostsManager;
				PRODUCT_NAME = "$(TARGET_NAME)";
				SKIP_INSTALL = YES;
				SWIFT_OBJC_BRIDGING_HEADER = "HostsManager/HostsManager-Bridging-Header.h";
				SWIFT_VERSION = 3.0;
			};
			name = Release;
		};
		666084271EF818A8000D1B9C /* Debug */ = {
			isa = XCBuildConfiguration;
			buildSettings = {
				ASSETCATALOG_COMPILER_APPICON_NAME = AppIcon;
				CLANG_ANALYZER_NUMBER_OBJECT_CONVERSION = YES_AGGRESSIVE;
				CODE_SIGN_ENTITLEMENTS = HostsManagerHelper/HostsManagerHelper.entitlements;
				CODE_SIGN_IDENTITY = "Mac Developer";
				COMBINE_HIDPI_IMAGES = YES;
				DEVELOPMENT_TEAM = CY25956VB2;
				INFOPLIST_FILE = HostsManagerHelper/Info.plist;
				LD_RUNPATH_SEARCH_PATHS = "$(inherited) @executable_path/../Frameworks";
				PRODUCT_BUNDLE_IDENTIFIER = win.sourcecode.HostsManagerHelper;
				PRODUCT_NAME = "$(TARGET_NAME)";
				PROVISIONING_PROFILE_SPECIFIER = "";
				SKIP_INSTALL = YES;
				SWIFT_VERSION = 3.0;
			};
			name = Debug;
		};
		666084281EF818A8000D1B9C /* Release */ = {
			isa = XCBuildConfiguration;
			buildSettings = {
				ASSETCATALOG_COMPILER_APPICON_NAME = AppIcon;
				CLANG_ANALYZER_NUMBER_OBJECT_CONVERSION = YES_AGGRESSIVE;
				CODE_SIGN_ENTITLEMENTS = HostsManagerHelper/HostsManagerHelper.entitlements;
				CODE_SIGN_IDENTITY = "Mac Developer";
				COMBINE_HIDPI_IMAGES = YES;
				DEVELOPMENT_TEAM = CY25956VB2;
				INFOPLIST_FILE = HostsManagerHelper/Info.plist;
				LD_RUNPATH_SEARCH_PATHS = "$(inherited) @executable_path/../Frameworks";
				PRODUCT_BUNDLE_IDENTIFIER = win.sourcecode.HostsManagerHelper;
				PRODUCT_NAME = "$(TARGET_NAME)";
				PROVISIONING_PROFILE_SPECIFIER = "";
				SKIP_INSTALL = YES;
				SWIFT_VERSION = 3.0;
			};
			name = Release;
		};
/* End XCBuildConfiguration section */

/* Begin XCConfigurationList section */
		66308E231E0D14F9000EBBF0 /* Build configuration list for PBXProject "HostsManager" */ = {
			isa = XCConfigurationList;
			buildConfigurations = (
				66308E351E0D14F9000EBBF0 /* Debug */,
				66308E361E0D14F9000EBBF0 /* Release */,
			);
			defaultConfigurationIsVisible = 0;
			defaultConfigurationName = Release;
		};
		66308E371E0D14F9000EBBF0 /* Build configuration list for PBXNativeTarget "HostsManager" */ = {
			isa = XCConfigurationList;
			buildConfigurations = (
				66308E381E0D14F9000EBBF0 /* Debug */,
				66308E391E0D14F9000EBBF0 /* Release */,
			);
			defaultConfigurationIsVisible = 0;
			defaultConfigurationName = Release;
		};
		666084261EF818A8000D1B9C /* Build configuration list for PBXNativeTarget "HostsManagerHelper" */ = {
			isa = XCConfigurationList;
			buildConfigurations = (
				666084271EF818A8000D1B9C /* Debug */,
				666084281EF818A8000D1B9C /* Release */,
			);
			defaultConfigurationIsVisible = 0;
			defaultConfigurationName = Release;
		};
/* End XCConfigurationList section */
	};
	rootObject = 66308E201E0D14F9000EBBF0 /* Project object */;
}
